
Microsoft Visual Studio Solution File, Format Version 12.00
# Visual Studio Version 17
VisualStudioVersion = 17.0.32112.339
MinimumVisualStudioVersion = 10.0.40219.1
Project("{9A19103F-16F7-4668-BE54-9A1E7A4F7556}") = "IceWallOw.Console", "IceWallOw.Console\IceWallOw.Console.csproj", "{35C7AD4C-972A-4C02-9237-4C6ECC7F87E5}"
EndProject
Project("{9A19103F-16F7-4668-BE54-9A1E7A4F7556}") = "DbInfrastructure", "DbInfrastructure\DbInfrastructure.csproj", "{E75E0A9B-2E39-4409-BFBF-15A19AE09022}"
EndProject
Project("{9A19103F-16F7-4668-BE54-9A1E7A4F7556}") = "Domain", "Domain\Domain.csproj", "{EBEEEA11-8888-40FA-888C-69E90473F24B}"
EndProject
Project("{FAE04EC0-301F-11D3-BF4B-00C04F79EFBC}") = "IceWallOw.Api", "IceWallOw.Api\IceWallOw.Api.csproj", "{E7AE8F38-A90D-414C-B2FC-D109C02F6FEC}"
EndProject
Global
	GlobalSection(SolutionConfigurationPlatforms) = preSolution
		Debug|Any CPU = Debug|Any CPU
		Release|Any CPU = Release|Any CPU
	EndGlobalSection
	GlobalSection(ProjectConfigurationPlatforms) = postSolution
		{35C7AD4C-972A-4C02-9237-4C6ECC7F87E5}.Debug|Any CPU.ActiveCfg = Debug|Any CPU
		{35C7AD4C-972A-4C02-9237-4C6ECC7F87E5}.Debug|Any CPU.Build.0 = Debug|Any CPU
		{35C7AD4C-972A-4C02-9237-4C6ECC7F87E5}.Release|Any CPU.ActiveCfg = Release|Any CPU
		{35C7AD4C-972A-4C02-9237-4C6ECC7F87E5}.Release|Any CPU.Build.0 = Release|Any CPU
		{E75E0A9B-2E39-4409-BFBF-15A19AE09022}.Debug|Any CPU.ActiveCfg = Debug|Any CPU
		{E75E0A9B-2E39-4409-BFBF-15A19AE09022}.Debug|Any CPU.Build.0 = Debug|Any CPU
		{E75E0A9B-2E39-4409-BFBF-15A19AE09022}.Release|Any CPU.ActiveCfg = Release|Any CPU
		{E75E0A9B-2E39-4409-BFBF-15A19AE09022}.Release|Any CPU.Build.0 = Release|Any CPU
		{EBEEEA11-8888-40FA-888C-69E90473F24B}.Debug|Any CPU.ActiveCfg = Debug|Any CPU
		{EBEEEA11-8888-40FA-888C-69E90473F24B}.Debug|Any CPU.Build.0 = Debug|Any CPU
		{EBEEEA11-8888-40FA-888C-69E90473F24B}.Release|Any CPU.ActiveCfg = Release|Any CPU
		{EBEEEA11-8888-40FA-888C-69E90473F24B}.Release|Any CPU.Build.0 = Release|Any CPU
		{E7AE8F38-A90D-414C-B2FC-D109C02F6FEC}.Debug|Any CPU.ActiveCfg = Debug|Any CPU
		{E7AE8F38-A90D-414C-B2FC-D109C02F6FEC}.Debug|Any CPU.Build.0 = Debug|Any CPU
		{E7AE8F38-A90D-414C-B2FC-D109C02F6FEC}.Release|Any CPU.ActiveCfg = Release|Any CPU
		{E7AE8F38-A90D-414C-B2FC-D109C02F6FEC}.Release|Any CPU.Build.0 = Release|Any CPU
	EndGlobalSection
	GlobalSection(SolutionProperties) = preSolution
		HideSolutionNode = FALSE
	EndGlobalSection
	GlobalSection(ExtensibilityGlobals) = postSolution
		SolutionGuid = {DC5B77BF-43E0-4399-A762-B06B6E19D116}
	EndGlobalSection
EndGlobal
